{
  "name": "node-mcquery",
  "version": "1.0.0",
  "lockfileVersion": 1,
  "requires": true,
  "dependencies": {
    "assert-plus": {
      "version": "1.0.0",
      "resolved": "https://registry.npm.taobao.org/assert-plus/download/assert-plus-1.0.0.tgz",
      "integrity": "sha1-8S4PPF13sLHN2RRpQuTpbB5N1SU="
    },
    "buffercursor": {
      "version": "0.0.12",
      "resolved": "https://registry.npm.taobao.org/buffercursor/download/buffercursor-0.0.12.tgz",
      "integrity": "sha1-eKmn9DQ659ggqJmazIDeWR4lp3k=",
      "requires": {
        "verror": "^1.4.0"
      }
    },
    "code": {
      "version": "5.2.4",
      "resolved": "https://registry.npm.taobao.org/code/download/code-5.2.4.tgz",
      "integrity": "sha1-sbuYHpas+Amf+EdgW0LQTbBcr/o=",
      "requires": {
        "hoek": "6.x.x"
      }
    },
    "core-util-is": {
      "version": "1.0.2",
      "resolved": "https://registry.npm.taobao.org/core-util-is/download/core-util-is-1.0.2.tgz",
      "integrity": "sha1-tf1UIgqivFq1eqtxQMlAdUUDwac="
    },
    "debug": {
      "version": "4.1.1",
      "resolved": "https://registry.npm.taobao.org/debug/download/debug-4.1.1.tgz?cache=0&other_urls=https%3A%2F%2Fregistry.npm.taobao.org%2Fdebug%2Fdownload%2Fdebug-4.1.1.tgz",
      "integrity": "sha1-O3ImAlUQnGtYnO4FDx1RYTlmR5E=",
      "requires": {
        "ms": "^2.1.1"
      }
    },
    "extsprintf": {
      "version": "1.4.0",
      "resolved": "https://registry.npm.taobao.org/extsprintf/download/extsprintf-1.4.0.tgz",
      "integrity": "sha1-4mifjzVvrWLMplo6kcXfX5VRaS8="
    },
    "hoek": {
      "version": "6.1.3",
      "resolved": "https://registry.npm.taobao.org/hoek/download/hoek-6.1.3.tgz",
      "integrity": "sha1-c7fTOVLgH+J6OLBFcpS3ndjaJCw="
    },
    "mcquery": {
      "version": "1.0.1",
      "resolved": "https://registry.npm.taobao.org/mcquery/download/mcquery-1.0.1.tgz",
      "integrity": "sha1-1vdU+BTzKcbLdX3HiVCwuXk0ZuQ=",
      "requires": {
        "buffercursor": "0.0.12",
        "code": "^5.2.4",
        "debug": "^4.1.1"
      }
    },
    "ms": {
      "version": "2.1.2",
      "resolved": "https://registry.npm.taobao.org/ms/download/ms-2.1.2.tgz?cache=0&other_urls=https%3A%2F%2Fregistry.npm.taobao.org%2Fms%2Fdownload%2Fms-2.1.2.tgz",
      "integrity": "sha1-0J0fNXtEP0kzgqjrPM0YOHKuYAk="
    },
    "verror": {
      "version": "1.10.0",
      "resolved": "https://registry.npm.taobao.org/verror/download/verror-1.10.0.tgz",
      "integrity": "sha1-OhBcoXBTr1XW4nDB+CiGguGNpAA=",
      "requires": {
        "assert-plus": "^1.0.0",
        "core-util-is": "1.0.2",
        "extsprintf": "^1.2.0"
      }
    }
  }
}
