{
  "name": "niaf",
  "version": "1.0.0",
  "lockfileVersion": 1,
  "requires": true,
  "dependencies": {
    "ark-files": {
      "version": "1.0.7",
      "resolved": "https://registry.npm.taobao.org/ark-files/download/ark-files-1.0.7.tgz",
      "integrity": "sha1-CcGyyZlwotOUEam09xD+ZfAz2Ng="
    }
  }
}
