{
  "name": "node-socks4",
  "version": "1.0.0",
  "lockfileVersion": 1,
  "requires": true,
  "dependencies": {
    "socks4": {
      "version": "0.1.1",
      "resolved": "https://registry.npm.taobao.org/socks4/download/socks4-0.1.1.tgz",
      "integrity": "sha1-hB6sUa12Ne9eSOl/HslblWF2xbw="
    }
  }
}
